
Microsoft Visual Studio Solution File, Format Version 12.00
# Visual Studio 15
VisualStudioVersion = 15.0.26730.16
MinimumVisualStudioVersion = 10.0.40219.1
Project("{FAE04EC0-301F-11D3-BF4B-00C04F79EFBC}") = "TylerRhodes.Akismet", "TylerRhodes.Akismet\TylerRhodes.Akismet.csproj", "{1DDB0C76-90EF-4C50-BEFA-EAE78F1416D1}"
EndProject
Global
	GlobalSection(SolutionConfigurationPlatforms) = preSolution
		Debug|Any CPU = Debug|Any CPU
		Release|Any CPU = Release|Any CPU
	EndGlobalSection
	GlobalSection(ProjectConfigurationPlatforms) = postSolution
		{1DDB0C76-90EF-4C50-BEFA-EAE78F1416D1}.Debug|Any CPU.ActiveCfg = Debug|Any CPU
		{1DDB0C76-90EF-4C50-BEFA-EAE78F1416D1}.Debug|Any CPU.Build.0 = Debug|Any CPU
		{1DDB0C76-90EF-4C50-BEFA-EAE78F1416D1}.Release|Any CPU.ActiveCfg = Release|Any CPU
		{1DDB0C76-90EF-4C50-BEFA-EAE78F1416D1}.Release|Any CPU.Build.0 = Release|Any CPU
	EndGlobalSection
	GlobalSection(SolutionProperties) = preSolution
		HideSolutionNode = FALSE
	EndGlobalSection
	GlobalSection(ExtensibilityGlobals) = postSolution
		SolutionGuid = {94324A6E-3665-4A84-B341-4934179997E5}
	EndGlobalSection
EndGlobal
